
Microsoft Visual Studio Solution File, Format Version 12.00
# Visual Studio Version 16
VisualStudioVersion = 25.0.1704.2
MinimumVisualStudioVersion = 10.0.40219.1
Project("{FAE04EC0-301F-11D3-BF4B-00C04F79EFBC}") = "API_with_EF_2022", "API_with_EF_2022\API_with_EF_2022.csproj", "{53C432AC-E5BA-499A-89FF-540E40402066}"
EndProject
Global
	GlobalSection(SolutionConfigurationPlatforms) = preSolution
		Debug|Any CPU = Debug|Any CPU
		Release|Any CPU = Release|Any CPU
	EndGlobalSection
	GlobalSection(ProjectConfigurationPlatforms) = postSolution
		{53C432AC-E5BA-499A-89FF-540E40402066}.Debug|Any CPU.ActiveCfg = Debug|Any CPU
		{53C432AC-E5BA-499A-89FF-540E40402066}.Debug|Any CPU.Build.0 = Debug|Any CPU
		{53C432AC-E5BA-499A-89FF-540E40402066}.Release|Any CPU.ActiveCfg = Release|Any CPU
		{53C432AC-E5BA-499A-89FF-540E40402066}.Release|Any CPU.Build.0 = Release|Any CPU
	EndGlobalSection
	GlobalSection(SolutionProperties) = preSolution
		HideSolutionNode = FALSE
	EndGlobalSection
	GlobalSection(ExtensibilityGlobals) = postSolution
		SolutionGuid = {422AFBD4-AAC7-49FA-8716-4FA7F87E6D85}
	EndGlobalSection
EndGlobal
